
Microsoft Visual Studio Solution File, Format Version 12.00
# Visual Studio Version 16
VisualStudioVersion = 16.0.30523.141
MinimumVisualStudioVersion = 10.0.40219.1
Project("{FAE04EC0-301F-11D3-BF4B-00C04F79EFBC}") = "UnitSelector", "UnitSelector\UnitSelector.csproj", "{1AC7A150-6786-4524-BBB1-50955AB558D1}"
EndProject
Global
	GlobalSection(SolutionConfigurationPlatforms) = preSolution
		Debug|Any CPU = Debug|Any CPU
		Release|Any CPU = Release|Any CPU
	EndGlobalSection
	GlobalSection(ProjectConfigurationPlatforms) = postSolution
		{1AC7A150-6786-4524-BBB1-50955AB558D1}.Debug|Any CPU.ActiveCfg = Debug|Any CPU
		{1AC7A150-6786-4524-BBB1-50955AB558D1}.Debug|Any CPU.Build.0 = Debug|Any CPU
		{1AC7A150-6786-4524-BBB1-50955AB558D1}.Release|Any CPU.ActiveCfg = Release|Any CPU
		{1AC7A150-6786-4524-BBB1-50955AB558D1}.Release|Any CPU.Build.0 = Release|Any CPU
	EndGlobalSection
	GlobalSection(SolutionProperties) = preSolution
		HideSolutionNode = FALSE
	EndGlobalSection
	GlobalSection(ExtensibilityGlobals) = postSolution
		SolutionGuid = {A39C9BF6-1416-4556-A874-2454C87E9F2A}
	EndGlobalSection
EndGlobal
